
Microsoft Visual Studio Solution File, Format Version 12.00
# Visual Studio Version 17
VisualStudioVersion = 17.0.31903.59
MinimumVisualStudioVersion = 10.0.40219.1
Project("{9A19103F-16F7-4668-BE54-9A1E7A4F7556}") = "ScreenSound", "ScreenSound\ScreenSound.csproj", "{A9CCE41C-6657-42BF-AED4-F3F578033037}"
EndProject
Project("{FAE04EC0-301F-11D3-BF4B-00C04F79EFBC}") = "ScreenSound.API", "ScreenSound.API\ScreenSound.API.csproj", "{976F0102-F228-486A-ADCD-E43F9578CEE7}"
EndProject
Project("{FAE04EC0-301F-11D3-BF4B-00C04F79EFBC}") = "ScreenSound.Shared.Modelos", "ScreenSound.Shared.Modelos\ScreenSound.Shared.Modelos.csproj", "{CBED2875-A3D7-40E8-9232-35A82DDFA5C8}"
EndProject
Project("{FAE04EC0-301F-11D3-BF4B-00C04F79EFBC}") = "ScreenSound.Shared.Dados", "ScreenSound.Shared.Dados\ScreenSound.Shared.Dados.csproj", "{0F9A08F2-FFAE-40F8-A400-5F38B7AA1A59}"
EndProject
Global
	GlobalSection(SolutionConfigurationPlatforms) = preSolution
		Debug|Any CPU = Debug|Any CPU
		Release|Any CPU = Release|Any CPU
	EndGlobalSection
	GlobalSection(ProjectConfigurationPlatforms) = postSolution
		{A9CCE41C-6657-42BF-AED4-F3F578033037}.Debug|Any CPU.ActiveCfg = Debug|Any CPU
		{A9CCE41C-6657-42BF-AED4-F3F578033037}.Debug|Any CPU.Build.0 = Debug|Any CPU
		{A9CCE41C-6657-42BF-AED4-F3F578033037}.Release|Any CPU.ActiveCfg = Release|Any CPU
		{A9CCE41C-6657-42BF-AED4-F3F578033037}.Release|Any CPU.Build.0 = Release|Any CPU
		{976F0102-F228-486A-ADCD-E43F9578CEE7}.Debug|Any CPU.ActiveCfg = Debug|Any CPU
		{976F0102-F228-486A-ADCD-E43F9578CEE7}.Debug|Any CPU.Build.0 = Debug|Any CPU
		{976F0102-F228-486A-ADCD-E43F9578CEE7}.Release|Any CPU.ActiveCfg = Release|Any CPU
		{976F0102-F228-486A-ADCD-E43F9578CEE7}.Release|Any CPU.Build.0 = Release|Any CPU
		{CBED2875-A3D7-40E8-9232-35A82DDFA5C8}.Debug|Any CPU.ActiveCfg = Debug|Any CPU
		{CBED2875-A3D7-40E8-9232-35A82DDFA5C8}.Debug|Any CPU.Build.0 = Debug|Any CPU
		{CBED2875-A3D7-40E8-9232-35A82DDFA5C8}.Release|Any CPU.ActiveCfg = Release|Any CPU
		{CBED2875-A3D7-40E8-9232-35A82DDFA5C8}.Release|Any CPU.Build.0 = Release|Any CPU
		{0F9A08F2-FFAE-40F8-A400-5F38B7AA1A59}.Debug|Any CPU.ActiveCfg = Debug|Any CPU
		{0F9A08F2-FFAE-40F8-A400-5F38B7AA1A59}.Debug|Any CPU.Build.0 = Debug|Any CPU
		{0F9A08F2-FFAE-40F8-A400-5F38B7AA1A59}.Release|Any CPU.ActiveCfg = Release|Any CPU
		{0F9A08F2-FFAE-40F8-A400-5F38B7AA1A59}.Release|Any CPU.Build.0 = Release|Any CPU
	EndGlobalSection
	GlobalSection(SolutionProperties) = preSolution
		HideSolutionNode = FALSE
	EndGlobalSection
EndGlobal
